// !$*UTF8*$!
{
	archiveVersion = 1;
	classes = {
	};
	objectVersion = 77;
	objects = {

/* Begin PBXContainerItemProxy section */
		25123CC62D8F5D62005FB345 /* PBXContainerItemProxy */ = {
			isa = PBXContainerItemProxy;
			containerPortal = 25123CAD2D8F5D61005FB345 /* Project object */;
			proxyType = 1;
			remoteGlobalIDString = 25123CB42D8F5D61005FB345;
			remoteInfo = Ilm;
		};
		25123CD02D8F5D62005FB345 /* PBXContainerItemProxy */ = {
			isa = PBXContainerItemProxy;
			containerPortal = 25123CAD2D8F5D61005FB345 /* Project object */;
			proxyType = 1;
			remoteGlobalIDString = 25123CB42D8F5D61005FB345;
			remoteInfo = Ilm;
		};
/* End PBXContainerItemProxy section */

/* Begin PBXFileReference section */
		25123CB52D8F5D61005FB345 /* Ilm.app */ = {isa = PBXFileReference; explicitFileType = wrapper.application; includeInIndex = 0; path = Ilm.app; sourceTree = BUILT_PRODUCTS_DIR; };
		25123CC52D8F5D62005FB345 /* IlmTests.xctest */ = {isa = PBXFileReference; explicitFileType = wrapper.cfbundle; includeInIndex = 0; path = IlmTests.xctest; sourceTree = BUILT_PRODUCTS_DIR; };
		25123CCF2D8F5D62005FB345 /* IlmUITests.xctest */ = {isa = PBXFileReference; explicitFileType = wrapper.cfbundle; includeInIndex = 0; path = IlmUITests.xctest; sourceTree = BUILT_PRODUCTS_DIR; };
/* End PBXFileReference section */

/* Begin PBXFileSystemSynchronizedRootGroup section */
		25123CB72D8F5D61005FB345 /* Ilm */ = {
			isa = PBXFileSystemSynchronizedRootGroup;
			path = Ilm;
			sourceTree = "<group>";
		};
		25123CC82D8F5D62005FB345 /* IlmTests */ = {
			isa = PBXFileSystemSynchronizedRootGroup;
			path = IlmTests;
			sourceTree = "<group>";
		};
		25123CD22D8F5D62005FB345 /* IlmUITests */ = {
			isa = PBXFileSystemSynchronizedRootGroup;
			path = IlmUITests;
			sourceTree = "<group>";
		};
/* End PBXFileSystemSynchronizedRootGroup section */

/* Begin PBXFrameworksBuildPhase section */
		25123CB22D8F5D61005FB345 /* Frameworks */ = {
			isa = PBXFrameworksBuildPhase;
			buildActionMask = 2147483647;
			files = (
			);
			runOnlyForDeploymentPostprocessing = 0;
		};
		25123CC22D8F5D62005FB345 /* Frameworks */ = {
			isa = PBXFrameworksBuildPhase;
			buildActionMask = 2147483647;
			files = (
			);
			runOnlyForDeploymentPostprocessing = 0;
		};
		25123CCC2D8F5D62005FB345 /* Frameworks */ = {
			isa = PBXFrameworksBuildPhase;
			buildActionMask = 2147483647;
			files = (
			);
			runOnlyForDeploymentPostprocessing = 0;
		};
/* End PBXFrameworksBuildPhase section */

/* Begin PBXGroup section */
		25123CAC2D8F5D61005FB345 = {
			isa = PBXGroup;
			children = (
				25123CB72D8F5D61005FB345 /* Ilm */,
				25123CC82D8F5D62005FB345 /* IlmTests */,
				25123CD22D8F5D62005FB345 /* IlmUITests */,
				25123CB62D8F5D61005FB345 /* Products */,
			);
			sourceTree = "<group>";
		};
		25123CB62D8F5D61005FB345 /* Products */ = {
			isa = PBXGroup;
			children = (
				25123CB52D8F5D61005FB345 /* Ilm.app */,
				25123CC52D8F5D62005FB345 /* IlmTests.xctest */,
				25123CCF2D8F5D62005FB345 /* IlmUITests.xctest */,
			);
			name = Products;
			sourceTree = "<group>";
		};
/* End PBXGroup section */

/* Begin PBXNativeTarget section */
		25123CB42D8F5D61005FB345 /* Ilm */ = {
			isa = PBXNativeTarget;
			buildConfigurationList = 25123CD92D8F5D62005FB345 /* Build configuration list for PBXNativeTarget "Ilm" */;
			buildPhases = (
				25123CB12D8F5D61005FB345 /* Sources */,
				25123CB22D8F5D61005FB345 /* Frameworks */,
				25123CB32D8F5D61005FB345 /* Resources */,
			);
			buildRules = (
			);
			dependencies = (
			);
			fileSystemSynchronizedGroups = (
				25123CB72D8F5D61005FB345 /* Ilm */,
			);
			name = Ilm;
			packageProductDependencies = (
			);
			productName = Ilm;
			productReference = 25123CB52D8F5D61005FB345 /* Ilm.app */;
			productType = "com.apple.product-type.application";
		};
		25123CC42D8F5D62005FB345 /* IlmTests */ = {
			isa = PBXNativeTarget;
			buildConfigurationList = 25123CDC2D8F5D62005FB345 /* Build configuration list for PBXNativeTarget "IlmTests" */;
			buildPhases = (
				25123CC12D8F5D62005FB345 /* Sources */,
				25123CC22D8F5D62005FB345 /* Frameworks */,
				25123CC32D8F5D62005FB345 /* Resources */,
			);
			buildRules = (
			);
			dependencies = (
				25123CC72D8F5D62005FB345 /* PBXTargetDependency */,
			);
			fileSystemSynchronizedGroups = (
				25123CC82D8F5D62005FB345 /* IlmTests */,
			);
			name = IlmTests;
			packageProductDependencies = (
			);
			productName = IlmTests;
			productReference = 25123CC52D8F5D62005FB345 /* IlmTests.xctest */;
			productType = "com.apple.product-type.bundle.unit-test";
		};
		25123CCE2D8F5D62005FB345 /* IlmUITests */ = {
			isa = PBXNativeTarget;
			buildConfigurationList = 25123CDF2D8F5D62005FB345 /* Build configuration list for PBXNativeTarget "IlmUITests" */;
			buildPhases = (
				25123CCB2D8F5D62005FB345 /* Sources */,
				25123CCC2D8F5D62005FB345 /* Frameworks */,
				25123CCD2D8F5D62005FB345 /* Resources */,
			);
			buildRules = (
			);
			dependencies = (
				25123CD12D8F5D62005FB345 /* PBXTargetDependency */,
			);
			fileSystemSynchronizedGroups = (
				25123CD22D8F5D62005FB345 /* IlmUITests */,
			);
			name = IlmUITests;
			packageProductDependencies = (
			);
			productName = IlmUITests;
			productReference = 25123CCF2D8F5D62005FB345 /* IlmUITests.xctest */;
			productType = "com.apple.product-type.bundle.ui-testing";
		};
/* End PBXNativeTarget section */

/* Begin PBXProject section */
		25123CAD2D8F5D61005FB345 /* Project object */ = {
			isa = PBXProject;
			attributes = {
				BuildIndependentTargetsInParallel = 1;
				LastSwiftUpdateCheck = 1620;
				LastUpgradeCheck = 1620;
				TargetAttributes = {
					25123CB42D8F5D61005FB345 = {
						CreatedOnToolsVersion = 16.2;
					};
					25123CC42D8F5D62005FB345 = {
						CreatedOnToolsVersion = 16.2;
						TestTargetID = 25123CB42D8F5D61005FB345;
					};
					25123CCE2D8F5D62005FB345 = {
						CreatedOnToolsVersion = 16.2;
						TestTargetID = 25123CB42D8F5D61005FB345;
					};
				};
			};
			buildConfigurationList = 25123CB02D8F5D61005FB345 /* Build configuration list for PBXProject "Ilm" */;
			developmentRegion = en;
			hasScannedForEncodings = 0;
			knownRegions = (
				en,
				Base,
			);
			mainGroup = 25123CAC2D8F5D61005FB345;
			minimizedProjectReferenceProxies = 1;
			preferredProjectObjectVersion = 77;
			productRefGroup = 25123CB62D8F5D61005FB345 /* Products */;
			projectDirPath = "";
			projectRoot = "";
			targets = (
				25123CB42D8F5D61005FB345 /* Ilm */,
				25123CC42D8F5D62005FB345 /* IlmTests */,
				25123CCE2D8F5D62005FB345 /* IlmUITests */,
			);
		};
/* End PBXProject section */

/* Begin PBXResourcesBuildPhase section */
		25123CB32D8F5D61005FB345 /* Resources */ = {
			isa = PBXResourcesBuildPhase;
			buildActionMask = 2147483647;
			files = (
			);
			runOnlyForDeploymentPostprocessing = 0;
		};
		25123CC32D8F5D62005FB345 /* Resources */ = {
			isa = PBXResourcesBuildPhase;
			buildActionMask = 2147483647;
			files = (
			);
			runOnlyForDeploymentPostprocessing = 0;
		};
		25123CCD2D8F5D62005FB345 /* Resources */ = {
			isa = PBXResourcesBuildPhase;
			buildActionMask = 2147483647;
			files = (
			);
			runOnlyForDeploymentPostprocessing = 0;
		};
/* End PBXResourcesBuildPhase section */

/* Begin PBXSourcesBuildPhase section */
		25123CB12D8F5D61005FB345 /* Sources */ = {
			isa = PBXSourcesBuildPhase;
			buildActionMask = 2147483647;
			files = (
			);
			runOnlyForDeploymentPostprocessing = 0;
		};
		25123CC12D8F5D62005FB345 /* Sources */ = {
			isa = PBXSourcesBuildPhase;
			buildActionMask = 2147483647;
			files = (
			);
			runOnlyForDeploymentPostprocessing = 0;
		};
		25123CCB2D8F5D62005FB345 /* Sources */ = {
			isa = PBXSourcesBuildPhase;
			buildActionMask = 2147483647;
			files = (
			);
			runOnlyForDeploymentPostprocessing = 0;
		};
/* End PBXSourcesBuildPhase section */

/* Begin PBXTargetDependency section */
		25123CC72D8F5D62005FB345 /* PBXTargetDependency */ = {
			isa = PBXTargetDependency;
			target = 25123CB42D8F5D61005FB345 /* Ilm */;
			targetProxy = 25123CC62D8F5D62005FB345 /* PBXContainerItemProxy */;
		};
		25123CD12D8F5D62005FB345 /* PBXTargetDependency */ = {
			isa = PBXTargetDependency;
			target = 25123CB42D8F5D61005FB345 /* Ilm */;
			targetProxy = 25123CD02D8F5D62005FB345 /* PBXContainerItemProxy */;
		};
/* End PBXTargetDependency section */

/* Begin XCBuildConfiguration section */
		25123CD72D8F5D62005FB345 /* Debug */ = {
			isa = XCBuildConfiguration;
			buildSettings = {
				ALWAYS_SEARCH_USER_PATHS = NO;
				ASSETCATALOG_COMPILER_GENERATE_SWIFT_ASSET_SYMBOL_EXTENSIONS = YES;
				CLANG_ANALYZER_NONNULL = YES;
				CLANG_ANALYZER_NUMBER_OBJECT_CONVERSION = YES_AGGRESSIVE;
				CLANG_CXX_LANGUAGE_STANDARD = "gnu++20";
				CLANG_ENABLE_MODULES = YES;
				CLANG_ENABLE_OBJC_ARC = YES;
				CLANG_ENABLE_OBJC_WEAK = YES;
				CLANG_WARN_BLOCK_CAPTURE_AUTORELEASING = YES;
				CLANG_WARN_BOOL_CONVERSION = YES;
				CLANG_WARN_COMMA = YES;
				CLANG_WARN_CONSTANT_CONVERSION = YES;
				CLANG_WARN_DEPRECATED_OBJC_IMPLEMENTATIONS = YES;
				CLANG_WARN_DIRECT_OBJC_ISA_USAGE = YES_ERROR;
				CLANG_WARN_DOCUMENTATION_COMMENTS = YES;
				CLANG_WARN_EMPTY_BODY = YES;
				CLANG_WARN_ENUM_CONVERSION = YES;
				CLANG_WARN_INFINITE_RECURSION = YES;
				CLANG_WARN_INT_CONVERSION = YES;
				CLANG_WARN_NON_LITERAL_NULL_CONVERSION = YES;
				CLANG_WARN_OBJC_IMPLICIT_RETAIN_SELF = YES;
				CLANG_WARN_OBJC_LITERAL_CONVERSION = YES;
				CLANG_WARN_OBJC_ROOT_CLASS = YES_ERROR;
				CLANG_WARN_QUOTED_INCLUDE_IN_FRAMEWORK_HEADER = YES;
				CLANG_WARN_RANGE_LOOP_ANALYSIS = YES;
				CLANG_WARN_STRICT_PROTOTYPES = YES;
				CLANG_WARN_SUSPICIOUS_MOVE = YES;
				CLANG_WARN_UNGUARDED_AVAILABILITY = YES_AGGRESSIVE;
				CLANG_WARN_UNREACHABLE_CODE = YES;
				CLANG_WARN__DUPLICATE_METHOD_MATCH = YES;
				COPY_PHASE_STRIP = NO;
				DEBUG_INFORMATION_FORMAT = dwarf;
				ENABLE_STRICT_OBJC_MSGSEND = YES;
				ENABLE_TESTABILITY = YES;
				ENABLE_USER_SCRIPT_SANDBOXING = YES;
				GCC_C_LANGUAGE_STANDARD = gnu17;
				GCC_DYNAMIC_NO_PIC = NO;
				GCC_NO_COMMON_BLOCKS = YES;
				GCC_OPTIMIZATION_LEVEL = 0;
				GCC_PREPROCESSOR_DEFINITIONS = (
					"DEBUG=1",
					"$(inherited)",
				);
				GCC_WARN_64_TO_32_BIT_CONVERSION = YES;
				GCC_WARN_ABOUT_RETURN_TYPE = YES_ERROR;
				GCC_WARN_UNDECLARED_SELECTOR = YES;
				GCC_WARN_UNINITIALIZED_AUTOS = YES_AGGRESSIVE;
				GCC_WARN_UNUSED_FUNCTION = YES;
				GCC_WARN_UNUSED_VARIABLE = YES;
				IPHONEOS_DEPLOYMENT_TARGET = 18.2;
				LOCALIZATION_PREFERS_STRING_CATALOGS = YES;
				MTL_ENABLE_DEBUG_INFO = INCLUDE_SOURCE;
				MTL_FAST_MATH = YES;
				ONLY_ACTIVE_ARCH = YES;
				SDKROOT = iphoneos;
				SWIFT_ACTIVE_COMPILATION_CONDITIONS = "DEBUG $(inherited)";
				SWIFT_OPTIMIZATION_LEVEL = "-Onone";
			};
			name = Debug;
		};
		25123CD82D8F5D62005FB345 /* Release */ = {
			isa = XCBuildConfiguration;
			buildSettings = {
				ALWAYS_SEARCH_USER_PATHS = NO;
				ASSETCATALOG_COMPILER_GENERATE_SWIFT_ASSET_SYMBOL_EXTENSIONS = YES;
				CLANG_ANALYZER_NONNULL = YES;
				CLANG_ANALYZER_NUMBER_OBJECT_CONVERSION = YES_AGGRESSIVE;
				CLANG_CXX_LANGUAGE_STANDARD = "gnu++20";
				CLANG_ENABLE_MODULES = YES;
				CLANG_ENABLE_OBJC_ARC = YES;
				CLANG_ENABLE_OBJC_WEAK = YES;
				CLANG_WARN_BLOCK_CAPTURE_AUTORELEASING = YES;
				CLANG_WARN_BOOL_CONVERSION = YES;
				CLANG_WARN_COMMA = YES;
				CLANG_WARN_CONSTANT_CONVERSION = YES;
				CLANG_WARN_DEPRECATED_OBJC_IMPLEMENTATIONS = YES;
				CLANG_WARN_DIRECT_OBJC_ISA_USAGE = YES_ERROR;
				CLANG_WARN_DOCUMENTATION_COMMENTS = YES;
				CLANG_WARN_EMPTY_BODY = YES;
				CLANG_WARN_ENUM_CONVERSION = YES;
				CLANG_WARN_INFINITE_RECURSION = YES;
				CLANG_WARN_INT_CONVERSION = YES;
				CLANG_WARN_NON_LITERAL_NULL_CONVERSION = YES;
				CLANG_WARN_OBJC_IMPLICIT_RETAIN_SELF = YES;
				CLANG_WARN_OBJC_LITERAL_CONVERSION = YES;
				CLANG_WARN_OBJC_ROOT_CLASS = YES_ERROR;
				CLANG_WARN_QUOTED_INCLUDE_IN_FRAMEWORK_HEADER = YES;
				CLANG_WARN_RANGE_LOOP_ANALYSIS = YES;
				CLANG_WARN_STRICT_PROTOTYPES = YES;
				CLANG_WARN_SUSPICIOUS_MOVE = YES;
				CLANG_WARN_UNGUARDED_AVAILABILITY = YES_AGGRESSIVE;
				CLANG_WARN_UNREACHABLE_CODE = YES;
				CLANG_WARN__DUPLICATE_METHOD_MATCH = YES;
				COPY_PHASE_STRIP = NO;
				DEBUG_INFORMATION_FORMAT = "dwarf-with-dsym";
				ENABLE_NS_ASSERTIONS = NO;
				ENABLE_STRICT_OBJC_MSGSEND = YES;
				ENABLE_USER_SCRIPT_SANDBOXING = YES;
				GCC_C_LANGUAGE_STANDARD = gnu17;
				GCC_NO_COMMON_BLOCKS = YES;
				GCC_WARN_64_TO_32_BIT_CONVERSION = YES;
				GCC_WARN_ABOUT_RETURN_TYPE = YES_ERROR;
				GCC_WARN_UNDECLARED_SELECTOR = YES;
				GCC_WARN_UNINITIALIZED_AUTOS = YES_AGGRESSIVE;
				GCC_WARN_UNUSED_FUNCTION = YES;
				GCC_WARN_UNUSED_VARIABLE = YES;
				IPHONEOS_DEPLOYMENT_TARGET = 18.2;
				LOCALIZATION_PREFERS_STRING_CATALOGS = YES;
				MTL_ENABLE_DEBUG_INFO = NO;
				MTL_FAST_MATH = YES;
				SDKROOT = iphoneos;
				SWIFT_COMPILATION_MODE = wholemodule;
				VALIDATE_PRODUCT = YES;
			};
			name = Release;
		};
		25123CDA2D8F5D62005FB345 /* Debug */ = {
			isa = XCBuildConfiguration;
			buildSettings = {
				ASSETCATALOG_COMPILER_APPICON_NAME = AppIcon;
				ASSETCATALOG_COMPILER_GLOBAL_ACCENT_COLOR_NAME = AccentColor;
				CODE_SIGN_STYLE = Automatic;
				CURRENT_PROJECT_VERSION = 1;
				DEVELOPMENT_ASSET_PATHS = "\"Ilm/Preview Content\"";
				DEVELOPMENT_TEAM = ZZQ384H9YM;
				ENABLE_PREVIEWS = YES;
				GENERATE_INFOPLIST_FILE = YES;
				INFOPLIST_KEY_UIApplicationSceneManifest_Generation = YES;
				INFOPLIST_KEY_UIApplicationSupportsIndirectInputEvents = YES;
				INFOPLIST_KEY_UILaunchScreen_Generation = YES;
				INFOPLIST_KEY_UISupportedInterfaceOrientations_iPad = "UIInterfaceOrientationPortrait UIInterfaceOrientationPortraitUpsideDown UIInterfaceOrientationLandscapeLeft UIInterfaceOrientationLandscapeRight";
				INFOPLIST_KEY_UISupportedInterfaceOrientations_iPhone = "UIInterfaceOrientationPortrait UIInterfaceOrientationLandscapeLeft UIInterfaceOrientationLandscapeRight";
				LD_RUNPATH_SEARCH_PATHS = (
					"$(inherited)",
					"@executable_path/Frameworks",
				);
				MARKETING_VERSION = 1.0;
				PRODUCT_BUNDLE_IDENTIFIER = ayeshasul.Ilm;
				PRODUCT_NAME = "$(TARGET_NAME)";
				SWIFT_EMIT_LOC_STRINGS = YES;
				SWIFT_VERSION = 5.0;
				TARGETED_DEVICE_FAMILY = "1,2";
			};
			name = Debug;
		};
		25123CDB2D8F5D62005FB345 /* Release */ = {
			isa = XCBuildConfiguration;
			buildSettings = {
				ASSETCATALOG_COMPILER_APPICON_NAME = AppIcon;
				ASSETCATALOG_COMPILER_GLOBAL_ACCENT_COLOR_NAME = AccentColor;
				CODE_SIGN_STYLE = Automatic;
				CURRENT_PROJECT_VERSION = 1;
				DEVELOPMENT_ASSET_PATHS = "\"Ilm/Preview Content\"";
				DEVELOPMENT_TEAM = ZZQ384H9YM;
				ENABLE_PREVIEWS = YES;
				GENERATE_INFOPLIST_FILE = YES;
				INFOPLIST_KEY_UIApplicationSceneManifest_Generation = YES;
				INFOPLIST_KEY_UIApplicationSupportsIndirectInputEvents = YES;
				INFOPLIST_KEY_UILaunchScreen_Generation = YES;
				INFOPLIST_KEY_UISupportedInterfaceOrientations_iPad = "UIInterfaceOrientationPortrait UIInterfaceOrientationPortraitUpsideDown UIInterfaceOrientationLandscapeLeft UIInterfaceOrientationLandscapeRight";
				INFOPLIST_KEY_UISupportedInterfaceOrientations_iPhone = "UIInterfaceOrientationPortrait UIInterfaceOrientationLandscapeLeft UIInterfaceOrientationLandscapeRight";
				LD_RUNPATH_SEARCH_PATHS = (
					"$(inherited)",
					"@executable_path/Frameworks",
				);
				MARKETING_VERSION = 1.0;
				PRODUCT_BUNDLE_IDENTIFIER = ayeshasul.Ilm;
				PRODUCT_NAME = "$(TARGET_NAME)";
				SWIFT_EMIT_LOC_STRINGS = YES;
				SWIFT_VERSION = 5.0;
				TARGETED_DEVICE_FAMILY = "1,2";
			};
			name = Release;
		};
		25123CDD2D8F5D62005FB345 /* Debug */ = {
			isa = XCBuildConfiguration;
			buildSettings = {
				BUNDLE_LOADER = "$(TEST_HOST)";
				CODE_SIGN_STYLE = Automatic;
				CURRENT_PROJECT_VERSION = 1;
				DEVELOPMENT_TEAM = ZZQ384H9YM;
				GENERATE_INFOPLIST_FILE = YES;
				IPHONEOS_DEPLOYMENT_TARGET = 18.2;
				MARKETING_VERSION = 1.0;
				PRODUCT_BUNDLE_IDENTIFIER = ayeshasul.IlmTests;
				PRODUCT_NAME = "$(TARGET_NAME)";
				SWIFT_EMIT_LOC_STRINGS = NO;
				SWIFT_VERSION = 5.0;
				TARGETED_DEVICE_FAMILY = "1,2";
				TEST_HOST = "$(BUILT_PRODUCTS_DIR)/Ilm.app/$(BUNDLE_EXECUTABLE_FOLDER_PATH)/Ilm";
			};
			name = Debug;
		};
		25123CDE2D8F5D62005FB345 /* Release */ = {
			isa = XCBuildConfiguration;
			buildSettings = {
				BUNDLE_LOADER = "$(TEST_HOST)";
				CODE_SIGN_STYLE = Automatic;
				CURRENT_PROJECT_VERSION = 1;
				DEVELOPMENT_TEAM = ZZQ384H9YM;
				GENERATE_INFOPLIST_FILE = YES;
				IPHONEOS_DEPLOYMENT_TARGET = 18.2;
				MARKETING_VERSION = 1.0;
				PRODUCT_BUNDLE_IDENTIFIER = ayeshasul.IlmTests;
				PRODUCT_NAME = "$(TARGET_NAME)";
				SWIFT_EMIT_LOC_STRINGS = NO;
				SWIFT_VERSION = 5.0;
				TARGETED_DEVICE_FAMILY = "1,2";
				TEST_HOST = "$(BUILT_PRODUCTS_DIR)/Ilm.app/$(BUNDLE_EXECUTABLE_FOLDER_PATH)/Ilm";
			};
			name = Release;
		};
		25123CE02D8F5D62005FB345 /* Debug */ = {
			isa = XCBuildConfiguration;
			buildSettings = {
				CODE_SIGN_STYLE = Automatic;
				CURRENT_PROJECT_VERSION = 1;
				DEVELOPMENT_TEAM = ZZQ384H9YM;
				GENERATE_INFOPLIST_FILE = YES;
				MARKETING_VERSION = 1.0;
				PRODUCT_BUNDLE_IDENTIFIER = ayeshasul.IlmUITests;
				PRODUCT_NAME = "$(TARGET_NAME)";
				SWIFT_EMIT_LOC_STRINGS = NO;
				SWIFT_VERSION = 5.0;
				TARGETED_DEVICE_FAMILY = "1,2";
				TEST_TARGET_NAME = Ilm;
			};
			name = Debug;
		};
		25123CE12D8F5D62005FB345 /* Release */ = {
			isa = XCBuildConfiguration;
			buildSettings = {
				CODE_SIGN_STYLE = Automatic;
				CURRENT_PROJECT_VERSION = 1;
				DEVELOPMENT_TEAM = ZZQ384H9YM;
				GENERATE_INFOPLIST_FILE = YES;
				MARKETING_VERSION = 1.0;
				PRODUCT_BUNDLE_IDENTIFIER = ayeshasul.IlmUITests;
				PRODUCT_NAME = "$(TARGET_NAME)";
				SWIFT_EMIT_LOC_STRINGS = NO;
				SWIFT_VERSION = 5.0;
				TARGETED_DEVICE_FAMILY = "1,2";
				TEST_TARGET_NAME = Ilm;
			};
			name = Release;
		};
/* End XCBuildConfiguration section */

/* Begin XCConfigurationList section */
		25123CB02D8F5D61005FB345 /* Build configuration list for PBXProject "Ilm" */ = {
			isa = XCConfigurationList;
			buildConfigurations = (
				25123CD72D8F5D62005FB345 /* Debug */,
				25123CD82D8F5D62005FB345 /* Release */,
			);
			defaultConfigurationIsVisible = 0;
			defaultConfigurationName = Release;
		};
		25123CD92D8F5D62005FB345 /* Build configuration list for PBXNativeTarget "Ilm" */ = {
			isa = XCConfigurationList;
			buildConfigurations = (
				25123CDA2D8F5D62005FB345 /* Debug */,
				25123CDB2D8F5D62005FB345 /* Release */,
			);
			defaultConfigurationIsVisible = 0;
			defaultConfigurationName = Release;
		};
		25123CDC2D8F5D62005FB345 /* Build configuration list for PBXNativeTarget "IlmTests" */ = {
			isa = XCConfigurationList;
			buildConfigurations = (
				25123CDD2D8F5D62005FB345 /* Debug */,
				25123CDE2D8F5D62005FB345 /* Release */,
			);
			defaultConfigurationIsVisible = 0;
			defaultConfigurationName = Release;
		};
		25123CDF2D8F5D62005FB345 /* Build configuration list for PBXNativeTarget "IlmUITests" */ = {
			isa = XCConfigurationList;
			buildConfigurations = (
				25123CE02D8F5D62005FB345 /* Debug */,
				25123CE12D8F5D62005FB345 /* Release */,
			);
			defaultConfigurationIsVisible = 0;
			defaultConfigurationName = Release;
		};
/* End XCConfigurationList section */
	};
	rootObject = 25123CAD2D8F5D61005FB345 /* Project object */;
}
